
Microsoft Visual Studio Solution File, Format Version 11.00
# Visual Studio 2010
Project("{FAE04EC0-301F-11D3-BF4B-00C04F79EFBC}") = "IrcBot", "IrcBot\IrcBot.csproj", "{E986D2FB-BB35-45E5-9C43-A90AAFA70E07}"
EndProject
Project("{FAE04EC0-301F-11D3-BF4B-00C04F79EFBC}") = "Nexus.IRC", "Nexus.IRC\Nexus.IRC.csproj", "{5D61B90F-01EC-4653-845F-6B8AE0D7C3C8}"
EndProject
Project("{FAE04EC0-301F-11D3-BF4B-00C04F79EFBC}") = "Testing", "Testing\Testing.csproj", "{C3A30F7A-511F-4EFC-8774-EBC949ACFDA7}"
EndProject
Global
	GlobalSection(SolutionConfigurationPlatforms) = preSolution
		Debug|Any CPU = Debug|Any CPU
		Debug|Mixed Platforms = Debug|Mixed Platforms
		Debug|x86 = Debug|x86
		Release|Any CPU = Release|Any CPU
		Release|Mixed Platforms = Release|Mixed Platforms
		Release|x86 = Release|x86
	EndGlobalSection
	GlobalSection(ProjectConfigurationPlatforms) = postSolution
		{E986D2FB-BB35-45E5-9C43-A90AAFA70E07}.Debug|Any CPU.ActiveCfg = Debug|Any CPU
		{E986D2FB-BB35-45E5-9C43-A90AAFA70E07}.Debug|Any CPU.Build.0 = Debug|Any CPU
		{E986D2FB-BB35-45E5-9C43-A90AAFA70E07}.Debug|Mixed Platforms.ActiveCfg = Debug|Any CPU
		{E986D2FB-BB35-45E5-9C43-A90AAFA70E07}.Debug|Mixed Platforms.Build.0 = Debug|Any CPU
		{E986D2FB-BB35-45E5-9C43-A90AAFA70E07}.Debug|x86.ActiveCfg = Debug|Any CPU
		{E986D2FB-BB35-45E5-9C43-A90AAFA70E07}.Release|Any CPU.ActiveCfg = Release|Any CPU
		{E986D2FB-BB35-45E5-9C43-A90AAFA70E07}.Release|Any CPU.Build.0 = Release|Any CPU
		{E986D2FB-BB35-45E5-9C43-A90AAFA70E07}.Release|Mixed Platforms.ActiveCfg = Release|Any CPU
		{E986D2FB-BB35-45E5-9C43-A90AAFA70E07}.Release|Mixed Platforms.Build.0 = Release|Any CPU
		{E986D2FB-BB35-45E5-9C43-A90AAFA70E07}.Release|x86.ActiveCfg = Release|Any CPU
		{5D61B90F-01EC-4653-845F-6B8AE0D7C3C8}.Debug|Any CPU.ActiveCfg = Debug|Any CPU
		{5D61B90F-01EC-4653-845F-6B8AE0D7C3C8}.Debug|Any CPU.Build.0 = Debug|Any CPU
		{5D61B90F-01EC-4653-845F-6B8AE0D7C3C8}.Debug|Mixed Platforms.ActiveCfg = Debug|Any CPU
		{5D61B90F-01EC-4653-845F-6B8AE0D7C3C8}.Debug|Mixed Platforms.Build.0 = Debug|Any CPU
		{5D61B90F-01EC-4653-845F-6B8AE0D7C3C8}.Debug|x86.ActiveCfg = Debug|Any CPU
		{5D61B90F-01EC-4653-845F-6B8AE0D7C3C8}.Release|Any CPU.ActiveCfg = Release|Any CPU
		{5D61B90F-01EC-4653-845F-6B8AE0D7C3C8}.Release|Any CPU.Build.0 = Release|Any CPU
		{5D61B90F-01EC-4653-845F-6B8AE0D7C3C8}.Release|Mixed Platforms.ActiveCfg = Release|Any CPU
		{5D61B90F-01EC-4653-845F-6B8AE0D7C3C8}.Release|Mixed Platforms.Build.0 = Release|Any CPU
		{5D61B90F-01EC-4653-845F-6B8AE0D7C3C8}.Release|x86.ActiveCfg = Release|Any CPU
		{C3A30F7A-511F-4EFC-8774-EBC949ACFDA7}.Debug|Any CPU.ActiveCfg = Debug|x86
		{C3A30F7A-511F-4EFC-8774-EBC949ACFDA7}.Debug|Mixed Platforms.ActiveCfg = Debug|x86
		{C3A30F7A-511F-4EFC-8774-EBC949ACFDA7}.Debug|Mixed Platforms.Build.0 = Debug|x86
		{C3A30F7A-511F-4EFC-8774-EBC949ACFDA7}.Debug|x86.ActiveCfg = Debug|x86
		{C3A30F7A-511F-4EFC-8774-EBC949ACFDA7}.Debug|x86.Build.0 = Debug|x86
		{C3A30F7A-511F-4EFC-8774-EBC949ACFDA7}.Release|Any CPU.ActiveCfg = Release|x86
		{C3A30F7A-511F-4EFC-8774-EBC949ACFDA7}.Release|Mixed Platforms.ActiveCfg = Release|x86
		{C3A30F7A-511F-4EFC-8774-EBC949ACFDA7}.Release|Mixed Platforms.Build.0 = Release|x86
		{C3A30F7A-511F-4EFC-8774-EBC949ACFDA7}.Release|x86.ActiveCfg = Release|x86
		{C3A30F7A-511F-4EFC-8774-EBC949ACFDA7}.Release|x86.Build.0 = Release|x86
	EndGlobalSection
	GlobalSection(SolutionProperties) = preSolution
		HideSolutionNode = FALSE
	EndGlobalSection
EndGlobal
